# This file is automatically @generated by Cargo.
# It is not intended for manual editing.
version = 3

[[package]]
name = "handoff-adapters"
version = "0.1.0"
dependencies = [
 "handoff-core",
 "handoff-protocol",
]

[[package]]
name = "handoff-conformance"
version = "0.1.0"
dependencies = [
 "handoff-protocol",
]

[[package]]
name = "handoff-core"
version = "0.1.0"
dependencies = [
 "handoff-protocol",
]

[[package]]
name = "handoff-protocol"
version = "0.1.0"

[[package]]
name = "handoff-server"
version = "0.1.0"
dependencies = [
 "handoff-adapters",
 "handoff-core",
 "handoff-protocol",
 "handoff-store-postgres",
]

[[package]]
name = "handoff-store-postgres"
version = "0.1.0"
dependencies = [
 "handoff-core",
 "handoff-protocol",
]
